
Microsoft Visual Studio Solution File, Format Version 12.00
# Visual Studio Version 17
VisualStudioVersion = 17.11.35312.102
MinimumVisualStudioVersion = 10.0.40219.1
Project("{2150E333-8FDC-42A3-9474-1A3956D46DE8}") = "Task0", "Task0", "{9169BBF3-A138-4EAD-A534-541F565AA534}"
EndProject
Project("{9A19103F-16F7-4668-BE54-9A1E7A4F7556}") = "Tyuiu.NoskovVI.Sprint2.Task0.V2", "Tyuiu.NoskovVI.Sprint2.Task0.V2\Tyuiu.NoskovVI.Sprint2.Task0.V2.csproj", "{1B7556B8-76CE-4861-A2C6-880FF8A28B2C}"
EndProject
Project("{9A19103F-16F7-4668-BE54-9A1E7A4F7556}") = "Tyuiu.NoskovVI.Sprint2.Task0.V2.Lib", "Tyuiu.NoskovVI.Sprint2.Task0.V2.Lib\Tyuiu.NoskovVI.Sprint2.Task0.V2.Lib.csproj", "{57A4536F-B25C-4AC5-9AB3-A22D810AABF5}"
EndProject
Project("{9A19103F-16F7-4668-BE54-9A1E7A4F7556}") = "Tyuiu.NoskovVI.Sprint2.Task0.V2.Test", "Tyuiu.NoskovVI.Sprint2.Task0.V2.Test\Tyuiu.NoskovVI.Sprint2.Task0.V2.Test.csproj", "{E76FB9CA-EBCC-4C38-BCC5-213939D29D3F}"
EndProject
Project("{2150E333-8FDC-42A3-9474-1A3956D46DE8}") = "Task1", "Task1", "{2D9159D2-A297-4203-AA62-5F2CE32DB0BC}"
EndProject
Project("{9A19103F-16F7-4668-BE54-9A1E7A4F7556}") = "Tyuiu.NoskovVI.Sprint2.Task1.V18", "Tyuiu.NoskovVI.Sprint2.Task1.V18\Tyuiu.NoskovVI.Sprint2.Task1.V18.csproj", "{A897E94F-5477-46F7-ACD6-F0E899231E02}"
EndProject
Project("{9A19103F-16F7-4668-BE54-9A1E7A4F7556}") = "Tyuiu.NoskovVI.Sprint2.Task1.V18.Test", "Tyuiu.NoskovVI.Sprint2.Task1.V18.Test\Tyuiu.NoskovVI.Sprint2.Task1.V18.Test.csproj", "{E768DBB7-A81F-420F-82A1-CDB99363D1EA}"
EndProject
Project("{9A19103F-16F7-4668-BE54-9A1E7A4F7556}") = "Tyuiu.NoskovVI.Sprint2.Task1.V18.Lib", "Tyuiu.NoskovVI.Sprint2.Task1.V18.Lib\Tyuiu.NoskovVI.Sprint2.Task1.V18.Lib.csproj", "{92BE16A5-BB1A-459D-B855-53946339B3B0}"
EndProject
Project("{2150E333-8FDC-42A3-9474-1A3956D46DE8}") = "Task2", "Task2", "{0BBA3F8A-4BD1-4E14-8177-2F59504C39D2}"
EndProject
Project("{9A19103F-16F7-4668-BE54-9A1E7A4F7556}") = "Tyuiu.NoskovVI.Sprint2.Task2.V26", "Tyuiu.NoskovVI.Sprint2.Task2.V26\Tyuiu.NoskovVI.Sprint2.Task2.V26.csproj", "{C90160F8-AF9D-4632-8AF0-89E2DE40E60D}"
EndProject
Project("{9A19103F-16F7-4668-BE54-9A1E7A4F7556}") = "Tyuiu.NoskovVI.Sprint2.Task2.V26.Lib", "Tyuiu.NoskovVI.Sprint2.Task2.V26.Lib\Tyuiu.NoskovVI.Sprint2.Task2.V26.Lib.csproj", "{788FE819-4DF5-4113-A4BF-508113DAC600}"
EndProject
Project("{9A19103F-16F7-4668-BE54-9A1E7A4F7556}") = "Tyuiu.NoskovVI.Sprint2.Task2.V26.Test", "Tyuiu.NoskovVI.Sprint2.Task2.V26.Test\Tyuiu.NoskovVI.Sprint2.Task2.V26.Test.csproj", "{DCD16C56-7260-45CB-B38C-B32DE310BF39}"
EndProject
Project("{2150E333-8FDC-42A3-9474-1A3956D46DE8}") = "Task3", "Task3", "{A2445599-DFC9-489C-AEEF-D5152401C9B0}"
EndProject
Project("{9A19103F-16F7-4668-BE54-9A1E7A4F7556}") = "Tyuiu.NoskovVI.Sprint2.Task3.V8", "Tyuiu.NoskovVI.Sprint2.Task3.V8\Tyuiu.NoskovVI.Sprint2.Task3.V8.csproj", "{5A0A7D68-8C8B-4BE9-B03D-EBC8AD096901}"
EndProject
Project("{9A19103F-16F7-4668-BE54-9A1E7A4F7556}") = "Tyuiu.NoskovVI.Sprint2.Task3.V8.Test", "Tyuiu.NoskovVI.Sprint2.Task3.V8.Test\Tyuiu.NoskovVI.Sprint2.Task3.V8.Test.csproj", "{AAFD50F5-1727-432B-BBB2-F87C4B2922A1}"
EndProject
Project("{9A19103F-16F7-4668-BE54-9A1E7A4F7556}") = "Tyuiu.NoskovVI.Sprint2.Task3.V8.Lib", "Tyuiu.NoskovVI.Sprint2.Task3.V8.Lib\Tyuiu.NoskovVI.Sprint2.Task3.V8.Lib.csproj", "{3690EDD9-EA6F-475B-A400-C138FC1C5D35}"
EndProject
Project("{2150E333-8FDC-42A3-9474-1A3956D46DE8}") = "Task4", "Task4", "{6EBD877E-2536-4EF2-AA53-859E3144333E}"
EndProject
Project("{9A19103F-16F7-4668-BE54-9A1E7A4F7556}") = "Tyuiu.NoskovVI.Sprint2.Task4.V1", "Tyuiu.NoskovVI.Sprint2.Task4.V1\Tyuiu.NoskovVI.Sprint2.Task4.V1.csproj", "{0D3F0E77-9E28-483F-9690-B4638DCD1757}"
EndProject
Project("{9A19103F-16F7-4668-BE54-9A1E7A4F7556}") = "Tyuiu.NoskovVI.Sprint2.Task4.V1.Lib", "Tyuiu.NoskovVI.Sprint2.Task4.V1.Lib\Tyuiu.NoskovVI.Sprint2.Task4.V1.Lib.csproj", "{E020DEE5-7989-41D2-B40E-0B8624CC9FCF}"
EndProject
Project("{9A19103F-16F7-4668-BE54-9A1E7A4F7556}") = "Tyuiu.NoskovVI.Sprint2.Task4.V1.Test", "Tyuiu.NoskovVI.Sprint2.Task4.V1.Test\Tyuiu.NoskovVI.Sprint2.Task4.V1.Test.csproj", "{8F97E04D-733A-49A9-A882-318D68F1964D}"
EndProject
Project("{2150E333-8FDC-42A3-9474-1A3956D46DE8}") = "Task5", "Task5", "{01ABBC0A-1E75-42D7-B8C8-9CFA017AF302}"
EndProject
Project("{FAE04EC0-301F-11D3-BF4B-00C04F79EFBC}") = "Tyuiu.NoskovVI.Sprint2.Task5.V3", "Tyuiu.NoskovVI.Sprint2.Task5.V3\Tyuiu.NoskovVI.Sprint2.Task5.V3.csproj", "{D064E011-C33E-4E7E-89BC-7F2BD81DB9C5}"
EndProject
Project("{FAE04EC0-301F-11D3-BF4B-00C04F79EFBC}") = "Tyuiu.NoskovVI.Sprint2.Task5.V3.Test", "Tyuiu.NoskovVI.Sprint2.Task5.V3.Test\Tyuiu.NoskovVI.Sprint2.Task5.V3.Test.csproj", "{07065545-2F94-4595-B384-0FD3C22191A6}"
EndProject
Project("{FAE04EC0-301F-11D3-BF4B-00C04F79EFBC}") = "Tyuiu.NoskovVI.Sprint2.Task5.V3.Lib", "Tyuiu.NoskovVI.Sprint2.Task5.V3.Lib\Tyuiu.NoskovVI.Sprint2.Task5.V3.Lib.csproj", "{C205FA38-CDB0-4030-998C-3EBCC6EFB5FE}"
EndProject
Global
	GlobalSection(SolutionConfigurationPlatforms) = preSolution
		Debug|Any CPU = Debug|Any CPU
		Release|Any CPU = Release|Any CPU
	EndGlobalSection
	GlobalSection(ProjectConfigurationPlatforms) = postSolution
		{1B7556B8-76CE-4861-A2C6-880FF8A28B2C}.Debug|Any CPU.ActiveCfg = Debug|Any CPU
		{1B7556B8-76CE-4861-A2C6-880FF8A28B2C}.Debug|Any CPU.Build.0 = Debug|Any CPU
		{1B7556B8-76CE-4861-A2C6-880FF8A28B2C}.Release|Any CPU.ActiveCfg = Release|Any CPU
		{1B7556B8-76CE-4861-A2C6-880FF8A28B2C}.Release|Any CPU.Build.0 = Release|Any CPU
		{57A4536F-B25C-4AC5-9AB3-A22D810AABF5}.Debug|Any CPU.ActiveCfg = Debug|Any CPU
		{57A4536F-B25C-4AC5-9AB3-A22D810AABF5}.Debug|Any CPU.Build.0 = Debug|Any CPU
		{57A4536F-B25C-4AC5-9AB3-A22D810AABF5}.Release|Any CPU.ActiveCfg = Release|Any CPU
		{57A4536F-B25C-4AC5-9AB3-A22D810AABF5}.Release|Any CPU.Build.0 = Release|Any CPU
		{E76FB9CA-EBCC-4C38-BCC5-213939D29D3F}.Debug|Any CPU.ActiveCfg = Debug|Any CPU
		{E76FB9CA-EBCC-4C38-BCC5-213939D29D3F}.Debug|Any CPU.Build.0 = Debug|Any CPU
		{E76FB9CA-EBCC-4C38-BCC5-213939D29D3F}.Release|Any CPU.ActiveCfg = Release|Any CPU
		{E76FB9CA-EBCC-4C38-BCC5-213939D29D3F}.Release|Any CPU.Build.0 = Release|Any CPU
		{A897E94F-5477-46F7-ACD6-F0E899231E02}.Debug|Any CPU.ActiveCfg = Debug|Any CPU
		{A897E94F-5477-46F7-ACD6-F0E899231E02}.Debug|Any CPU.Build.0 = Debug|Any CPU
		{A897E94F-5477-46F7-ACD6-F0E899231E02}.Release|Any CPU.ActiveCfg = Release|Any CPU
		{A897E94F-5477-46F7-ACD6-F0E899231E02}.Release|Any CPU.Build.0 = Release|Any CPU
		{E768DBB7-A81F-420F-82A1-CDB99363D1EA}.Debug|Any CPU.ActiveCfg = Debug|Any CPU
		{E768DBB7-A81F-420F-82A1-CDB99363D1EA}.Debug|Any CPU.Build.0 = Debug|Any CPU
		{E768DBB7-A81F-420F-82A1-CDB99363D1EA}.Release|Any CPU.ActiveCfg = Release|Any CPU
		{E768DBB7-A81F-420F-82A1-CDB99363D1EA}.Release|Any CPU.Build.0 = Release|Any CPU
		{92BE16A5-BB1A-459D-B855-53946339B3B0}.Debug|Any CPU.ActiveCfg = Debug|Any CPU
		{92BE16A5-BB1A-459D-B855-53946339B3B0}.Debug|Any CPU.Build.0 = Debug|Any CPU
		{92BE16A5-BB1A-459D-B855-53946339B3B0}.Release|Any CPU.ActiveCfg = Release|Any CPU
		{92BE16A5-BB1A-459D-B855-53946339B3B0}.Release|Any CPU.Build.0 = Release|Any CPU
		{C90160F8-AF9D-4632-8AF0-89E2DE40E60D}.Debug|Any CPU.ActiveCfg = Debug|Any CPU
		{C90160F8-AF9D-4632-8AF0-89E2DE40E60D}.Debug|Any CPU.Build.0 = Debug|Any CPU
		{C90160F8-AF9D-4632-8AF0-89E2DE40E60D}.Release|Any CPU.ActiveCfg = Release|Any CPU
		{C90160F8-AF9D-4632-8AF0-89E2DE40E60D}.Release|Any CPU.Build.0 = Release|Any CPU
		{788FE819-4DF5-4113-A4BF-508113DAC600}.Debug|Any CPU.ActiveCfg = Debug|Any CPU
		{788FE819-4DF5-4113-A4BF-508113DAC600}.Debug|Any CPU.Build.0 = Debug|Any CPU
		{788FE819-4DF5-4113-A4BF-508113DAC600}.Release|Any CPU.ActiveCfg = Release|Any CPU
		{788FE819-4DF5-4113-A4BF-508113DAC600}.Release|Any CPU.Build.0 = Release|Any CPU
		{DCD16C56-7260-45CB-B38C-B32DE310BF39}.Debug|Any CPU.ActiveCfg = Debug|Any CPU
		{DCD16C56-7260-45CB-B38C-B32DE310BF39}.Debug|Any CPU.Build.0 = Debug|Any CPU
		{DCD16C56-7260-45CB-B38C-B32DE310BF39}.Release|Any CPU.ActiveCfg = Release|Any CPU
		{DCD16C56-7260-45CB-B38C-B32DE310BF39}.Release|Any CPU.Build.0 = Release|Any CPU
		{5A0A7D68-8C8B-4BE9-B03D-EBC8AD096901}.Debug|Any CPU.ActiveCfg = Debug|Any CPU
		{5A0A7D68-8C8B-4BE9-B03D-EBC8AD096901}.Debug|Any CPU.Build.0 = Debug|Any CPU
		{5A0A7D68-8C8B-4BE9-B03D-EBC8AD096901}.Release|Any CPU.ActiveCfg = Release|Any CPU
		{5A0A7D68-8C8B-4BE9-B03D-EBC8AD096901}.Release|Any CPU.Build.0 = Release|Any CPU
		{AAFD50F5-1727-432B-BBB2-F87C4B2922A1}.Debug|Any CPU.ActiveCfg = Debug|Any CPU
		{AAFD50F5-1727-432B-BBB2-F87C4B2922A1}.Debug|Any CPU.Build.0 = Debug|Any CPU
		{AAFD50F5-1727-432B-BBB2-F87C4B2922A1}.Release|Any CPU.ActiveCfg = Release|Any CPU
		{AAFD50F5-1727-432B-BBB2-F87C4B2922A1}.Release|Any CPU.Build.0 = Release|Any CPU
		{3690EDD9-EA6F-475B-A400-C138FC1C5D35}.Debug|Any CPU.ActiveCfg = Debug|Any CPU
		{3690EDD9-EA6F-475B-A400-C138FC1C5D35}.Debug|Any CPU.Build.0 = Debug|Any CPU
		{3690EDD9-EA6F-475B-A400-C138FC1C5D35}.Release|Any CPU.ActiveCfg = Release|Any CPU
		{3690EDD9-EA6F-475B-A400-C138FC1C5D35}.Release|Any CPU.Build.0 = Release|Any CPU
		{0D3F0E77-9E28-483F-9690-B4638DCD1757}.Debug|Any CPU.ActiveCfg = Debug|Any CPU
		{0D3F0E77-9E28-483F-9690-B4638DCD1757}.Debug|Any CPU.Build.0 = Debug|Any CPU
		{0D3F0E77-9E28-483F-9690-B4638DCD1757}.Release|Any CPU.ActiveCfg = Release|Any CPU
		{0D3F0E77-9E28-483F-9690-B4638DCD1757}.Release|Any CPU.Build.0 = Release|Any CPU
		{E020DEE5-7989-41D2-B40E-0B8624CC9FCF}.Debug|Any CPU.ActiveCfg = Debug|Any CPU
		{E020DEE5-7989-41D2-B40E-0B8624CC9FCF}.Debug|Any CPU.Build.0 = Debug|Any CPU
		{E020DEE5-7989-41D2-B40E-0B8624CC9FCF}.Release|Any CPU.ActiveCfg = Release|Any CPU
		{E020DEE5-7989-41D2-B40E-0B8624CC9FCF}.Release|Any CPU.Build.0 = Release|Any CPU
		{8F97E04D-733A-49A9-A882-318D68F1964D}.Debug|Any CPU.ActiveCfg = Debug|Any CPU
		{8F97E04D-733A-49A9-A882-318D68F1964D}.Debug|Any CPU.Build.0 = Debug|Any CPU
		{8F97E04D-733A-49A9-A882-318D68F1964D}.Release|Any CPU.ActiveCfg = Release|Any CPU
		{8F97E04D-733A-49A9-A882-318D68F1964D}.Release|Any CPU.Build.0 = Release|Any CPU
		{D064E011-C33E-4E7E-89BC-7F2BD81DB9C5}.Debug|Any CPU.ActiveCfg = Debug|Any CPU
		{D064E011-C33E-4E7E-89BC-7F2BD81DB9C5}.Debug|Any CPU.Build.0 = Debug|Any CPU
		{D064E011-C33E-4E7E-89BC-7F2BD81DB9C5}.Release|Any CPU.ActiveCfg = Release|Any CPU
		{D064E011-C33E-4E7E-89BC-7F2BD81DB9C5}.Release|Any CPU.Build.0 = Release|Any CPU
		{07065545-2F94-4595-B384-0FD3C22191A6}.Debug|Any CPU.ActiveCfg = Debug|Any CPU
		{07065545-2F94-4595-B384-0FD3C22191A6}.Debug|Any CPU.Build.0 = Debug|Any CPU
		{07065545-2F94-4595-B384-0FD3C22191A6}.Release|Any CPU.ActiveCfg = Release|Any CPU
		{07065545-2F94-4595-B384-0FD3C22191A6}.Release|Any CPU.Build.0 = Release|Any CPU
		{C205FA38-CDB0-4030-998C-3EBCC6EFB5FE}.Debug|Any CPU.ActiveCfg = Debug|Any CPU
		{C205FA38-CDB0-4030-998C-3EBCC6EFB5FE}.Debug|Any CPU.Build.0 = Debug|Any CPU
		{C205FA38-CDB0-4030-998C-3EBCC6EFB5FE}.Release|Any CPU.ActiveCfg = Release|Any CPU
		{C205FA38-CDB0-4030-998C-3EBCC6EFB5FE}.Release|Any CPU.Build.0 = Release|Any CPU
	EndGlobalSection
	GlobalSection(SolutionProperties) = preSolution
		HideSolutionNode = FALSE
	EndGlobalSection
	GlobalSection(NestedProjects) = preSolution
		{1B7556B8-76CE-4861-A2C6-880FF8A28B2C} = {9169BBF3-A138-4EAD-A534-541F565AA534}
		{57A4536F-B25C-4AC5-9AB3-A22D810AABF5} = {9169BBF3-A138-4EAD-A534-541F565AA534}
		{E76FB9CA-EBCC-4C38-BCC5-213939D29D3F} = {9169BBF3-A138-4EAD-A534-541F565AA534}
		{A897E94F-5477-46F7-ACD6-F0E899231E02} = {2D9159D2-A297-4203-AA62-5F2CE32DB0BC}
		{E768DBB7-A81F-420F-82A1-CDB99363D1EA} = {2D9159D2-A297-4203-AA62-5F2CE32DB0BC}
		{92BE16A5-BB1A-459D-B855-53946339B3B0} = {2D9159D2-A297-4203-AA62-5F2CE32DB0BC}
		{C90160F8-AF9D-4632-8AF0-89E2DE40E60D} = {0BBA3F8A-4BD1-4E14-8177-2F59504C39D2}
		{788FE819-4DF5-4113-A4BF-508113DAC600} = {0BBA3F8A-4BD1-4E14-8177-2F59504C39D2}
		{DCD16C56-7260-45CB-B38C-B32DE310BF39} = {0BBA3F8A-4BD1-4E14-8177-2F59504C39D2}
		{5A0A7D68-8C8B-4BE9-B03D-EBC8AD096901} = {A2445599-DFC9-489C-AEEF-D5152401C9B0}
		{AAFD50F5-1727-432B-BBB2-F87C4B2922A1} = {A2445599-DFC9-489C-AEEF-D5152401C9B0}
		{3690EDD9-EA6F-475B-A400-C138FC1C5D35} = {A2445599-DFC9-489C-AEEF-D5152401C9B0}
		{0D3F0E77-9E28-483F-9690-B4638DCD1757} = {6EBD877E-2536-4EF2-AA53-859E3144333E}
		{E020DEE5-7989-41D2-B40E-0B8624CC9FCF} = {6EBD877E-2536-4EF2-AA53-859E3144333E}
		{8F97E04D-733A-49A9-A882-318D68F1964D} = {6EBD877E-2536-4EF2-AA53-859E3144333E}
		{D064E011-C33E-4E7E-89BC-7F2BD81DB9C5} = {01ABBC0A-1E75-42D7-B8C8-9CFA017AF302}
		{07065545-2F94-4595-B384-0FD3C22191A6} = {01ABBC0A-1E75-42D7-B8C8-9CFA017AF302}
		{C205FA38-CDB0-4030-998C-3EBCC6EFB5FE} = {01ABBC0A-1E75-42D7-B8C8-9CFA017AF302}
	EndGlobalSection
	GlobalSection(ExtensibilityGlobals) = postSolution
		SolutionGuid = {36710E15-5027-4565-A689-C67EB5ED4293}
	EndGlobalSection
EndGlobal
