
Microsoft Visual Studio Solution File, Format Version 12.00
# Visual Studio Version 17
VisualStudioVersion = 17.11.35312.102
MinimumVisualStudioVersion = 10.0.40219.1
Project("{2150E333-8FDC-42A3-9474-1A3956D46DE8}") = "Task0", "Task0", "{9169BBF3-A138-4EAD-A534-541F565AA534}"
EndProject
Project("{9A19103F-16F7-4668-BE54-9A1E7A4F7556}") = "Tyuiu.NoskovVI.Sprint2.Task0.V2", "Tyuiu.NoskovVI.Sprint2.Task0.V2\Tyuiu.NoskovVI.Sprint2.Task0.V2.csproj", "{1B7556B8-76CE-4861-A2C6-880FF8A28B2C}"
EndProject
Project("{9A19103F-16F7-4668-BE54-9A1E7A4F7556}") = "Tyuiu.NoskovVI.Sprint2.Task0.V2.Lib", "Tyuiu.NoskovVI.Sprint2.Task0.V2.Lib\Tyuiu.NoskovVI.Sprint2.Task0.V2.Lib.csproj", "{57A4536F-B25C-4AC5-9AB3-A22D810AABF5}"
EndProject
Project("{9A19103F-16F7-4668-BE54-9A1E7A4F7556}") = "Tyuiu.NoskovVI.Sprint2.Task0.V2.Test", "Tyuiu.NoskovVI.Sprint2.Task0.V2.Test\Tyuiu.NoskovVI.Sprint2.Task0.V2.Test.csproj", "{E76FB9CA-EBCC-4C38-BCC5-213939D29D3F}"
EndProject
Project("{2150E333-8FDC-42A3-9474-1A3956D46DE8}") = "Task1", "Task1", "{2D9159D2-A297-4203-AA62-5F2CE32DB0BC}"
EndProject
Project("{FAE04EC0-301F-11D3-BF4B-00C04F79EFBC}") = "Tyuiu.NoskovVI.Sprint2.Task1.V18", "Tyuiu.NoskovVI.Sprint2.Task1.V18\Tyuiu.NoskovVI.Sprint2.Task1.V18.csproj", "{A897E94F-5477-46F7-ACD6-F0E899231E02}"
EndProject
Project("{FAE04EC0-301F-11D3-BF4B-00C04F79EFBC}") = "Tyuiu.NoskovVI.Sprint2.Task1.V18.Test", "Tyuiu.NoskovVI.Sprint2.Task1.V18.Test\Tyuiu.NoskovVI.Sprint2.Task1.V18.Test.csproj", "{E768DBB7-A81F-420F-82A1-CDB99363D1EA}"
EndProject
Project("{FAE04EC0-301F-11D3-BF4B-00C04F79EFBC}") = "Tyuiu.NoskovVI.Sprint2.Task1.V18.Lib", "Tyuiu.NoskovVI.Sprint2.Task1.V18.Lib\Tyuiu.NoskovVI.Sprint2.Task1.V18.Lib.csproj", "{92BE16A5-BB1A-459D-B855-53946339B3B0}"
EndProject
Global
	GlobalSection(SolutionConfigurationPlatforms) = preSolution
		Debug|Any CPU = Debug|Any CPU
		Release|Any CPU = Release|Any CPU
	EndGlobalSection
	GlobalSection(ProjectConfigurationPlatforms) = postSolution
		{1B7556B8-76CE-4861-A2C6-880FF8A28B2C}.Debug|Any CPU.ActiveCfg = Debug|Any CPU
		{1B7556B8-76CE-4861-A2C6-880FF8A28B2C}.Debug|Any CPU.Build.0 = Debug|Any CPU
		{1B7556B8-76CE-4861-A2C6-880FF8A28B2C}.Release|Any CPU.ActiveCfg = Release|Any CPU
		{1B7556B8-76CE-4861-A2C6-880FF8A28B2C}.Release|Any CPU.Build.0 = Release|Any CPU
		{57A4536F-B25C-4AC5-9AB3-A22D810AABF5}.Debug|Any CPU.ActiveCfg = Debug|Any CPU
		{57A4536F-B25C-4AC5-9AB3-A22D810AABF5}.Debug|Any CPU.Build.0 = Debug|Any CPU
		{57A4536F-B25C-4AC5-9AB3-A22D810AABF5}.Release|Any CPU.ActiveCfg = Release|Any CPU
		{57A4536F-B25C-4AC5-9AB3-A22D810AABF5}.Release|Any CPU.Build.0 = Release|Any CPU
		{E76FB9CA-EBCC-4C38-BCC5-213939D29D3F}.Debug|Any CPU.ActiveCfg = Debug|Any CPU
		{E76FB9CA-EBCC-4C38-BCC5-213939D29D3F}.Debug|Any CPU.Build.0 = Debug|Any CPU
		{E76FB9CA-EBCC-4C38-BCC5-213939D29D3F}.Release|Any CPU.ActiveCfg = Release|Any CPU
		{E76FB9CA-EBCC-4C38-BCC5-213939D29D3F}.Release|Any CPU.Build.0 = Release|Any CPU
		{A897E94F-5477-46F7-ACD6-F0E899231E02}.Debug|Any CPU.ActiveCfg = Debug|Any CPU
		{A897E94F-5477-46F7-ACD6-F0E899231E02}.Debug|Any CPU.Build.0 = Debug|Any CPU
		{A897E94F-5477-46F7-ACD6-F0E899231E02}.Release|Any CPU.ActiveCfg = Release|Any CPU
		{A897E94F-5477-46F7-ACD6-F0E899231E02}.Release|Any CPU.Build.0 = Release|Any CPU
		{E768DBB7-A81F-420F-82A1-CDB99363D1EA}.Debug|Any CPU.ActiveCfg = Debug|Any CPU
		{E768DBB7-A81F-420F-82A1-CDB99363D1EA}.Debug|Any CPU.Build.0 = Debug|Any CPU
		{E768DBB7-A81F-420F-82A1-CDB99363D1EA}.Release|Any CPU.ActiveCfg = Release|Any CPU
		{E768DBB7-A81F-420F-82A1-CDB99363D1EA}.Release|Any CPU.Build.0 = Release|Any CPU
		{92BE16A5-BB1A-459D-B855-53946339B3B0}.Debug|Any CPU.ActiveCfg = Debug|Any CPU
		{92BE16A5-BB1A-459D-B855-53946339B3B0}.Debug|Any CPU.Build.0 = Debug|Any CPU
		{92BE16A5-BB1A-459D-B855-53946339B3B0}.Release|Any CPU.ActiveCfg = Release|Any CPU
		{92BE16A5-BB1A-459D-B855-53946339B3B0}.Release|Any CPU.Build.0 = Release|Any CPU
	EndGlobalSection
	GlobalSection(SolutionProperties) = preSolution
		HideSolutionNode = FALSE
	EndGlobalSection
	GlobalSection(NestedProjects) = preSolution
		{1B7556B8-76CE-4861-A2C6-880FF8A28B2C} = {9169BBF3-A138-4EAD-A534-541F565AA534}
		{57A4536F-B25C-4AC5-9AB3-A22D810AABF5} = {9169BBF3-A138-4EAD-A534-541F565AA534}
		{E76FB9CA-EBCC-4C38-BCC5-213939D29D3F} = {9169BBF3-A138-4EAD-A534-541F565AA534}
		{A897E94F-5477-46F7-ACD6-F0E899231E02} = {2D9159D2-A297-4203-AA62-5F2CE32DB0BC}
		{E768DBB7-A81F-420F-82A1-CDB99363D1EA} = {2D9159D2-A297-4203-AA62-5F2CE32DB0BC}
		{92BE16A5-BB1A-459D-B855-53946339B3B0} = {2D9159D2-A297-4203-AA62-5F2CE32DB0BC}
	EndGlobalSection
	GlobalSection(ExtensibilityGlobals) = postSolution
		SolutionGuid = {36710E15-5027-4565-A689-C67EB5ED4293}
	EndGlobalSection
EndGlobal
